
Microsoft Visual Studio Solution File, Format Version 12.00
# Visual Studio Version 16
VisualStudioVersion = 16.0.31729.503
MinimumVisualStudioVersion = 10.0.40219.1
Project("{FAE04EC0-301F-11D3-BF4B-00C04F79EFBC}") = "ModernDesign", "ModernDesign\ModernDesign.csproj", "{A2FC162E-ABCA-44D1-9A20-3FF6CE1AF4DE}"
EndProject
Global
	GlobalSection(SolutionConfigurationPlatforms) = preSolution
		Debug|Any CPU = Debug|Any CPU
		Release|Any CPU = Release|Any CPU
	EndGlobalSection
	GlobalSection(ProjectConfigurationPlatforms) = postSolution
		{A2FC162E-ABCA-44D1-9A20-3FF6CE1AF4DE}.Debug|Any CPU.ActiveCfg = Debug|Any CPU
		{A2FC162E-ABCA-44D1-9A20-3FF6CE1AF4DE}.Debug|Any CPU.Build.0 = Debug|Any CPU
		{A2FC162E-ABCA-44D1-9A20-3FF6CE1AF4DE}.Release|Any CPU.ActiveCfg = Release|Any CPU
		{A2FC162E-ABCA-44D1-9A20-3FF6CE1AF4DE}.Release|Any CPU.Build.0 = Release|Any CPU
	EndGlobalSection
	GlobalSection(SolutionProperties) = preSolution
		HideSolutionNode = FALSE
	EndGlobalSection
	GlobalSection(ExtensibilityGlobals) = postSolution
		SolutionGuid = {6D8CE601-A82A-4787-97E3-CF8E8E0E933C}
	EndGlobalSection
EndGlobal
